<?xml version="1.0" encoding="utf-8"?>
<Project ToolsVersion="4.0" xmlns="http://schemas.microsoft.com/developer/msbuild/2003">
  <ItemGroup>
    <Filter Include="Source Files">
      <UniqueIdentifier>{b0ad83ac-6a34-4211-a3a6-78f0f6b5b22a}</UniqueIdentifier>
      <Extensions>cpp;c;cxx;rc;def</Extensions>
    </Filter>
    <Filter Include="Header Files">
      <UniqueIdentifier>{363510aa-e2f9-4f30-8c0d-19fa526018a7}</UniqueIdentifier>
      <Extensions>h;hpp</Extensions>
    </Filter>
  </ItemGroup>
  <ItemGroup>
    <ClCompile Include="monster\berserker.c">
      <Filter>Source Files</Filter>
    </ClCompile>
    <ClCompile Include="monster\boss2.c">
      <Filter>Source Files</Filter>
    </ClCompile>
    <ClCompile Include="monster\boss3.c">
      <Filter>Source Files</Filter>
    </ClCompile>
    <ClCompile Include="monster\boss31.c">
      <Filter>Source Files</Filter>
    </ClCompile>
    <ClCompile Include="monster\boss32.c">
      <Filter>Source Files</Filter>
    </ClCompile>
    <ClCompile Include="monster\brain.c">
      <Filter>Source Files</Filter>
    </ClCompile>
    <ClCompile Include="monster\chick.c">
      <Filter>Source Files</Filter>
    </ClCompile>
    <ClCompile Include="player\client.c">
      <Filter>Source Files</Filter>
    </ClCompile>
    <ClCompile Include="..\common\shared\flash.c">
      <Filter>Source Files</Filter>
    </ClCompile>
    <ClCompile Include="monster\flipper.c">
      <Filter>Source Files</Filter>
    </ClCompile>
    <ClCompile Include="monster\float.c">
      <Filter>Source Files</Filter>
    </ClCompile>
    <ClCompile Include="monster\flyer.c">
      <Filter>Source Files</Filter>
    </ClCompile>
    <ClCompile Include="g_ai.c">
      <Filter>Source Files</Filter>
    </ClCompile>
    <ClCompile Include="g_chase.c">
      <Filter>Source Files</Filter>
    </ClCompile>
    <ClCompile Include="g_cmds.c">
      <Filter>Source Files</Filter>
    </ClCompile>
    <ClCompile Include="g_combat.c">
      <Filter>Source Files</Filter>
    </ClCompile>
    <ClCompile Include="g_func.c">
      <Filter>Source Files</Filter>
    </ClCompile>
    <ClCompile Include="g_items.c">
      <Filter>Source Files</Filter>
    </ClCompile>
    <ClCompile Include="g_main.c">
      <Filter>Source Files</Filter>
    </ClCompile>
    <ClCompile Include="g_misc.c">
      <Filter>Source Files</Filter>
    </ClCompile>
    <ClCompile Include="g_monster.c">
      <Filter>Source Files</Filter>
    </ClCompile>
    <ClCompile Include="g_parent.c">
      <Filter>Source Files</Filter>
    </ClCompile>
    <ClCompile Include="g_phys.c">
      <Filter>Source Files</Filter>
    </ClCompile>
    <ClCompile Include="g_spawn.c">
      <Filter>Source Files</Filter>
    </ClCompile>
    <ClCompile Include="g_svcmds.c">
      <Filter>Source Files</Filter>
    </ClCompile>
    <ClCompile Include="g_target.c">
      <Filter>Source Files</Filter>
    </ClCompile>
    <ClCompile Include="g_trigger.c">
      <Filter>Source Files</Filter>
    </ClCompile>
    <ClCompile Include="g_turret.c">
      <Filter>Source Files</Filter>
    </ClCompile>
    <ClCompile Include="g_utils.c">
      <Filter>Source Files</Filter>
    </ClCompile>
    <ClCompile Include="g_weapon.c">
      <Filter>Source Files</Filter>
    </ClCompile>
    <ClCompile Include="monster\gladiator.c">
      <Filter>Source Files</Filter>
    </ClCompile>
    <ClCompile Include="monster\gunner.c">
      <Filter>Source Files</Filter>
    </ClCompile>
    <ClCompile Include="monster\hover.c">
      <Filter>Source Files</Filter>
    </ClCompile>
    <ClCompile Include="player\hud.c">
      <Filter>Source Files</Filter>
    </ClCompile>
    <ClCompile Include="monster\infantry.c">
      <Filter>Source Files</Filter>
    </ClCompile>
    <ClCompile Include="monster\insane.c">
      <Filter>Source Files</Filter>
    </ClCompile>
    <ClCompile Include="monster\medic.c">
      <Filter>Source Files</Filter>
    </ClCompile>
    <ClCompile Include="monster\move.c">
      <Filter>Source Files</Filter>
    </ClCompile>
    <ClCompile Include="monster\mutant.c">
      <Filter>Source Files</Filter>
    </ClCompile>
    <ClCompile Include="monster\parasite.c">
      <Filter>Source Files</Filter>
    </ClCompile>
    <ClCompile Include="..\common\shared\rand.c">
      <Filter>Source Files</Filter>
    </ClCompile>
    <ClCompile Include="savegame\savegame.c">
      <Filter>Source Files</Filter>
    </ClCompile>
    <ClCompile Include="..\common\shared\shared.c">
      <Filter>Source Files</Filter>
    </ClCompile>
    <ClCompile Include="monster\soldier.c">
      <Filter>Source Files</Filter>
    </ClCompile>
    <ClCompile Include="monster\supertank.c">
      <Filter>Source Files</Filter>
    </ClCompile>
    <ClCompile Include="monster\tank.c">
      <Filter>Source Files</Filter>
    </ClCompile>
    <ClCompile Include="player\trail.c">
      <Filter>Source Files</Filter>
    </ClCompile>
    <ClCompile Include="player\view.c">
      <Filter>Source Files</Filter>
    </ClCompile>
    <ClCompile Include="player\weapon.c">
      <Filter>Source Files</Filter>
    </ClCompile>
  </ItemGroup>
  <ItemGroup>
    <ClInclude Include="monster\berserker.h">
      <Filter>Header Files</Filter>
    </ClInclude>
    <ClInclude Include="monster\boss2.h">
      <Filter>Header Files</Filter>
    </ClInclude>
    <ClInclude Include="monster\boss31.h">
      <Filter>Header Files</Filter>
    </ClInclude>
    <ClInclude Include="monster\boss32.h">
      <Filter>Header Files</Filter>
    </ClInclude>
    <ClInclude Include="monster\brain.h">
      <Filter>Header Files</Filter>
    </ClInclude>
    <ClInclude Include="monster\chick.h">
      <Filter>Header Files</Filter>
    </ClInclude>
    <ClInclude Include="savegame\clientfields.h">
      <Filter>Header Files</Filter>
    </ClInclude>
    <ClInclude Include="savegame\fields.h">
      <Filter>Header Files</Filter>
    </ClInclude>
    <ClInclude Include="monster\flipper.h">
      <Filter>Header Files</Filter>
    </ClInclude>
    <ClInclude Include="monster\float.h">
      <Filter>Header Files</Filter>
    </ClInclude>
    <ClInclude Include="monster\flyer.h">
      <Filter>Header Files</Filter>
    </ClInclude>
    <ClInclude Include="game.h">
      <Filter>Header Files</Filter>
    </ClInclude>
    <ClInclude Include="savegame\gamefunc_decs.h">
      <Filter>Header Files</Filter>
    </ClInclude>
    <ClInclude Include="savegame\gamefunc_list.h">
      <Filter>Header Files</Filter>
    </ClInclude>
    <ClInclude Include="savegame\gamemmove_decs.h">
      <Filter>Header Files</Filter>
    </ClInclude>
    <ClInclude Include="savegame\gamemmove_list.h">
      <Filter>Header Files</Filter>
    </ClInclude>
    <ClInclude Include="monster\gladiator.h">
      <Filter>Header Files</Filter>
    </ClInclude>
    <ClInclude Include="monster\gunner.h">
      <Filter>Header Files</Filter>
    </ClInclude>
    <ClInclude Include="monster\hover.h">
      <Filter>Header Files</Filter>
    </ClInclude>
    <ClInclude Include="monster\infantry.h">
      <Filter>Header Files</Filter>
    </ClInclude>
    <ClInclude Include="monster\insane.h">
      <Filter>Header Files</Filter>
    </ClInclude>
    <ClInclude Include="savegame\levelfields.h">
      <Filter>Header Files</Filter>
    </ClInclude>
    <ClInclude Include="header\local.h">
      <Filter>Header Files</Filter>
    </ClInclude>
    <ClInclude Include="monster\medic.h">
      <Filter>Header Files</Filter>
    </ClInclude>
    <ClInclude Include="monster\mutant.h">
      <Filter>Header Files</Filter>
    </ClInclude>
    <ClInclude Include="monster\parasite.h">
      <Filter>Header Files</Filter>
    </ClInclude>
    <ClInclude Include="monster\player.h">
      <Filter>Header Files</Filter>
    </ClInclude>
    <ClInclude Include="monster\soldier.h">
      <Filter>Header Files</Filter>
    </ClInclude>
    <ClInclude Include="monster\supertank.h">
      <Filter>Header Files</Filter>
    </ClInclude>
    <ClInclude Include="monster\tank.h">
      <Filter>Header Files</Filter>
    </ClInclude>
  </ItemGroup>
</Project>