<?xml version="1.0" encoding="utf-8"?>
<Project ToolsVersion="4.0" xmlns="http://schemas.microsoft.com/developer/msbuild/2003">
  <ItemGroup>
    <Filter Include="Source Files">
      <UniqueIdentifier>{0f8bb7ee-a2c0-4f5c-9c92-3dc0db718faa}</UniqueIdentifier>
      <Extensions>cpp;c;cxx;rc;def;r;odl;idl;hpj;bat</Extensions>
    </Filter>
    <Filter Include="Header Files">
      <UniqueIdentifier>{40057ae7-8ad6-4ca9-85dc-1a36a3e09da1}</UniqueIdentifier>
      <Extensions>h;hpp;hxx;hm;inl;fi;fd</Extensions>
    </Filter>
  </ItemGroup>
  <ItemGroup>
    <ClCompile Include="..\..\backends\windows\shared\hunk.c">
      <Filter>Source Files</Filter>
    </ClCompile>
    <ClCompile Include="..\..\common\md4.c">
      <Filter>Source Files</Filter>
    </ClCompile>
    <ClCompile Include="files\pcx.c">
      <Filter>Source Files</Filter>
    </ClCompile>
    <ClCompile Include="files\pvs.c">
      <Filter>Source Files</Filter>
    </ClCompile>
    <ClCompile Include="..\..\common\shared\shared.c">
      <Filter>Source Files</Filter>
    </ClCompile>
    <ClCompile Include="files\stb.c">
      <Filter>Source Files</Filter>
    </ClCompile>
    <ClCompile Include="soft\sw_aclip.c">
      <Filter>Source Files</Filter>
    </ClCompile>
    <ClCompile Include="soft\sw_alias.c">
      <Filter>Source Files</Filter>
    </ClCompile>
    <ClCompile Include="soft\sw_bsp.c">
      <Filter>Source Files</Filter>
    </ClCompile>
    <ClCompile Include="soft\sw_draw.c">
      <Filter>Source Files</Filter>
    </ClCompile>
    <ClCompile Include="soft\sw_edge.c">
      <Filter>Source Files</Filter>
    </ClCompile>
    <ClCompile Include="soft\sw_image.c">
      <Filter>Source Files</Filter>
    </ClCompile>
    <ClCompile Include="soft\sw_light.c">
      <Filter>Source Files</Filter>
    </ClCompile>
    <ClCompile Include="soft\sw_main.c">
      <Filter>Source Files</Filter>
    </ClCompile>
    <ClCompile Include="soft\sw_misc.c">
      <Filter>Source Files</Filter>
    </ClCompile>
    <ClCompile Include="soft\sw_model.c">
      <Filter>Source Files</Filter>
    </ClCompile>
    <ClCompile Include="soft\sw_part.c">
      <Filter>Source Files</Filter>
    </ClCompile>
    <ClCompile Include="soft\sw_poly.c">
      <Filter>Source Files</Filter>
    </ClCompile>
    <ClCompile Include="soft\sw_polyset.c">
      <Filter>Source Files</Filter>
    </ClCompile>
    <ClCompile Include="soft\sw_rast.c">
      <Filter>Source Files</Filter>
    </ClCompile>
    <ClCompile Include="soft\sw_scan.c">
      <Filter>Source Files</Filter>
    </ClCompile>
    <ClCompile Include="soft\sw_sprite.c">
      <Filter>Source Files</Filter>
    </ClCompile>
    <ClCompile Include="soft\sw_surf.c">
      <Filter>Source Files</Filter>
    </ClCompile>
    <ClCompile Include="files\wal.c">
      <Filter>Source Files</Filter>
    </ClCompile>
  </ItemGroup>
  <ItemGroup>
    <ClInclude Include="soft\header\local.h">
      <Filter>Header Files</Filter>
    </ClInclude>
    <ClInclude Include="soft\header\model.h">
      <Filter>Header Files</Filter>
    </ClInclude>
    <ClInclude Include="files\stb_image.h">
      <Filter>Header Files</Filter>
    </ClInclude>
    <ClInclude Include="files\stb_image_resize.h">
      <Filter>Header Files</Filter>
    </ClInclude>
  </ItemGroup>
</Project>