<?xml version="1.0" encoding="utf-8"?>
<Project ToolsVersion="4.0" xmlns="http://schemas.microsoft.com/developer/msbuild/2003">
  <ItemGroup>
    <Filter Include="Source Files">
      <UniqueIdentifier>{33970e7b-c212-4725-82a2-263b06a36c53}</UniqueIdentifier>
      <Extensions>cpp;c;cxx;rc;def;r;odl;idl;hpj;bat</Extensions>
    </Filter>
    <Filter Include="Header Files">
      <UniqueIdentifier>{35afd898-350e-4f53-8f2e-b41038bc6834}</UniqueIdentifier>
      <Extensions>h;hpp;hxx;hm;inl</Extensions>
    </Filter>
  </ItemGroup>
  <ItemGroup>
    <ClCompile Include="common\argproc.c">
      <Filter>Source Files</Filter>
    </ClCompile>
    <ClCompile Include="client\cl_cin.c">
      <Filter>Source Files</Filter>
    </ClCompile>
    <ClCompile Include="client\cl_console.c">
      <Filter>Source Files</Filter>
    </ClCompile>
    <ClCompile Include="client\cl_download.c">
      <Filter>Source Files</Filter>
    </ClCompile>
    <ClCompile Include="client\cl_effects.c">
      <Filter>Source Files</Filter>
    </ClCompile>
    <ClCompile Include="client\cl_entities.c">
      <Filter>Source Files</Filter>
    </ClCompile>
    <ClCompile Include="client\cl_input.c">
      <Filter>Source Files</Filter>
    </ClCompile>
    <ClCompile Include="client\cl_inventory.c">
      <Filter>Source Files</Filter>
    </ClCompile>
    <ClCompile Include="client\cl_keyboard.c">
      <Filter>Source Files</Filter>
    </ClCompile>
    <ClCompile Include="client\cl_lights.c">
      <Filter>Source Files</Filter>
    </ClCompile>
    <ClCompile Include="client\cl_main.c">
      <Filter>Source Files</Filter>
    </ClCompile>
    <ClCompile Include="client\cl_network.c">
      <Filter>Source Files</Filter>
    </ClCompile>
    <ClCompile Include="client\cl_parse.c">
      <Filter>Source Files</Filter>
    </ClCompile>
    <ClCompile Include="client\cl_particles.c">
      <Filter>Source Files</Filter>
    </ClCompile>
    <ClCompile Include="client\cl_prediction.c">
      <Filter>Source Files</Filter>
    </ClCompile>
    <ClCompile Include="client\cl_screen.c">
      <Filter>Source Files</Filter>
    </ClCompile>
    <ClCompile Include="client\cl_tempentities.c">
      <Filter>Source Files</Filter>
    </ClCompile>
    <ClCompile Include="client\cl_view.c">
      <Filter>Source Files</Filter>
    </ClCompile>
    <ClCompile Include="common\clientserver.c">
      <Filter>Source Files</Filter>
    </ClCompile>
    <ClCompile Include="common\cmdparser.c">
      <Filter>Source Files</Filter>
    </ClCompile>
    <ClCompile Include="common\collision.c">
      <Filter>Source Files</Filter>
    </ClCompile>
    <ClCompile Include="common\crc.c">
      <Filter>Source Files</Filter>
    </ClCompile>
    <ClCompile Include="common\cvar.c">
      <Filter>Source Files</Filter>
    </ClCompile>
    <ClCompile Include="common\filesystem.c">
      <Filter>Source Files</Filter>
    </ClCompile>
    <ClCompile Include="common\shared\flash.c">
      <Filter>Source Files</Filter>
    </ClCompile>
    <ClCompile Include="common\frame.c">
      <Filter>Source Files</Filter>
    </ClCompile>
    <ClCompile Include="client\vid\glimp_sdl.c">
      <Filter>Source Files</Filter>
    </ClCompile>
    <ClCompile Include="common\glob.c">
      <Filter>Source Files</Filter>
    </ClCompile>
    <ClCompile Include="backends\windows\shared\hunk.c">
      <Filter>Source Files</Filter>
    </ClCompile>
    <ClCompile Include="client\input\in_sdl.c">
      <Filter>Source Files</Filter>
    </ClCompile>
    <ClCompile Include="common\unzip\ioapi.c">
      <Filter>Source Files</Filter>
    </ClCompile>
    <ClCompile Include="common\md4.c">
      <Filter>Source Files</Filter>
    </ClCompile>
    <ClCompile Include="client\menu\menu.c">
      <Filter>Source Files</Filter>
    </ClCompile>
    <ClCompile Include="common\unzip\miniz.c">
      <Filter>Source Files</Filter>
    </ClCompile>
    <ClCompile Include="backends\generic\misc.c">
      <Filter>Source Files</Filter>
    </ClCompile>
    <ClCompile Include="common\movemsg.c">
      <Filter>Source Files</Filter>
    </ClCompile>
    <ClCompile Include="common\netchan.c">
      <Filter>Source Files</Filter>
    </ClCompile>
    <ClCompile Include="backends\windows\network.c">
      <Filter>Source Files</Filter>
    </ClCompile>
    <ClCompile Include="client\sound\ogg.c">
      <Filter>Source Files</Filter>
    </ClCompile>
    <ClCompile Include="client\sound\openal.c">
      <Filter>Source Files</Filter>
    </ClCompile>
    <ClCompile Include="common\pmove.c">
      <Filter>Source Files</Filter>
    </ClCompile>
    <ClCompile Include="client\sound\qal.c">
      <Filter>Source Files</Filter>
    </ClCompile>
    <ClCompile Include="client\menu\qmenu.c">
      <Filter>Source Files</Filter>
    </ClCompile>
    <ClCompile Include="common\shared\rand.c">
      <Filter>Source Files</Filter>
    </ClCompile>
    <ClCompile Include="common\shared\shared.c">
      <Filter>Source Files</Filter>
    </ClCompile>
    <ClCompile Include="client\sound\snd_sdl.c">
      <Filter>Source Files</Filter>
    </ClCompile>
    <ClCompile Include="client\sound\sound.c">
      <Filter>Source Files</Filter>
    </ClCompile>
    <ClCompile Include="server\sv_cmd.c">
      <Filter>Source Files</Filter>
    </ClCompile>
    <ClCompile Include="server\sv_conless.c">
      <Filter>Source Files</Filter>
    </ClCompile>
    <ClCompile Include="server\sv_entities.c">
      <Filter>Source Files</Filter>
    </ClCompile>
    <ClCompile Include="server\sv_game.c">
      <Filter>Source Files</Filter>
    </ClCompile>
    <ClCompile Include="server\sv_init.c">
      <Filter>Source Files</Filter>
    </ClCompile>
    <ClCompile Include="server\sv_main.c">
      <Filter>Source Files</Filter>
    </ClCompile>
    <ClCompile Include="server\sv_save.c">
      <Filter>Source Files</Filter>
    </ClCompile>
    <ClCompile Include="server\sv_send.c">
      <Filter>Source Files</Filter>
    </ClCompile>
    <ClCompile Include="server\sv_user.c">
      <Filter>Source Files</Filter>
    </ClCompile>
    <ClCompile Include="server\sv_world.c">
      <Filter>Source Files</Filter>
    </ClCompile>
    <ClCompile Include="backends\windows\sys_win.c">
      <Filter>Source Files</Filter>
    </ClCompile>
    <ClCompile Include="backends\windows\system.c">
      <Filter>Source Files</Filter>
    </ClCompile>
    <ClCompile Include="common\szone.c">
      <Filter>Source Files</Filter>
    </ClCompile>
    <ClCompile Include="common\unzip\unzip.c">
      <Filter>Source Files</Filter>
    </ClCompile>
    <ClCompile Include="client\vid\vid.c">
      <Filter>Source Files</Filter>
    </ClCompile>
    <ClCompile Include="client\menu\videomenu.c">
      <Filter>Source Files</Filter>
    </ClCompile>
    <ClCompile Include="client\sound\wave.c">
      <Filter>Source Files</Filter>
    </ClCompile>
    <ClCompile Include="common\zone.c">
      <Filter>Source Files</Filter>
    </ClCompile>
  </ItemGroup>
  <ItemGroup>
    <ResourceCompile Include="backends\windows\q2.rc">
      <Filter>Source Files</Filter>
    </ResourceCompile>
  </ItemGroup>
  <ItemGroup>
    <ClInclude Include="client\header\client.h">
      <Filter>Header Files</Filter>
    </ClInclude>
    <ClInclude Include="client\header\console.h">
      <Filter>Header Files</Filter>
    </ClInclude>
    <ClInclude Include="client\input\header\input.h">
      <Filter>Header Files</Filter>
    </ClInclude>
    <ClInclude Include="common\unzip\ioapi.h">
      <Filter>Header Files</Filter>
    </ClInclude>
    <ClInclude Include="client\header\keyboard.h">
      <Filter>Header Files</Filter>
    </ClInclude>
    <ClInclude Include="client\sound\header\local.h">
      <Filter>Header Files</Filter>
    </ClInclude>
    <ClInclude Include="common\unzip\miniz.h">
      <Filter>Header Files</Filter>
    </ClInclude>
    <ClInclude Include="common\unzip\minizconf.h">
      <Filter>Header Files</Filter>
    </ClInclude>
    <ClInclude Include="client\vid\icon\q2icon64.h">
      <Filter>Header Files</Filter>
    </ClInclude>
    <ClInclude Include="client\sound\header\qal.h">
      <Filter>Header Files</Filter>
    </ClInclude>
    <ClInclude Include="client\menu\header\qmenu.h">
      <Filter>Header Files</Filter>
    </ClInclude>
    <ClInclude Include="client\vid\header\ref.h">
      <Filter>Header Files</Filter>
    </ClInclude>
    <ClInclude Include="backends\windows\header\resource.h">
      <Filter>Header Files</Filter>
    </ClInclude>
    <ClInclude Include="client\header\screen.h">
      <Filter>Header Files</Filter>
    </ClInclude>
    <ClInclude Include="server\header\server.h">
      <Filter>Header Files</Filter>
    </ClInclude>
    <ClInclude Include="client\sound\header\sound.h">
      <Filter>Header Files</Filter>
    </ClInclude>
    <ClInclude Include="client\vid\header\stb_image_write.h">
      <Filter>Header Files</Filter>
    </ClInclude>
    <ClInclude Include="client\sound\header\stb_vorbis.h">
      <Filter>Header Files</Filter>
    </ClInclude>
    <ClInclude Include="common\unzip\unzip.h">
      <Filter>Header Files</Filter>
    </ClInclude>
    <ClInclude Include="client\vid\header\vid.h">
      <Filter>Header Files</Filter>
    </ClInclude>
    <ClInclude Include="client\sound\header\vorbis.h">
      <Filter>Header Files</Filter>
    </ClInclude>
  </ItemGroup>
  <ItemGroup>
    <Image Include="backends\windows\q2.ico" />
  </ItemGroup>
</Project>